// !$*UTF8*$!
{
	archiveVersion = 1;
	classes = {
	};
	objectVersion = 56;
	objects = {

/* Begin PBXBuildFile section */
		3506E6DF299A666C006C663C /* Theme.swift in Sources */ = {isa = PBXBuildFile; fileRef = 3506E6DE299A666C006C663C /* Theme.swift */; };
		3506E6E1299A6A9F006C663C /* DailyScrum.swift in Sources */ = {isa = PBXBuildFile; fileRef = 3506E6E0299A6A9F006C663C /* DailyScrum.swift */; };
		3506E6E3299A6EDC006C663C /* CardView.swift in Sources */ = {isa = PBXBuildFile; fileRef = 3506E6E2299A6EDC006C663C /* CardView.swift */; };
		356020AF299E21B0008C8E66 /* ThemeView.swift in Sources */ = {isa = PBXBuildFile; fileRef = 356020AE299E21B0008C8E66 /* ThemeView.swift */; };
		356020B1299E2741008C8E66 /* ThemePicker.swift in Sources */ = {isa = PBXBuildFile; fileRef = 356020B0299E2741008C8E66 /* ThemePicker.swift */; };
		356020B3299E679B008C8E66 /* MeetingHeaderView.swift in Sources */ = {isa = PBXBuildFile; fileRef = 356020B2299E679B008C8E66 /* MeetingHeaderView.swift */; };
		356020B5299E6FA7008C8E66 /* ScrumProgressViewStyle.swift in Sources */ = {isa = PBXBuildFile; fileRef = 356020B4299E6FA7008C8E66 /* ScrumProgressViewStyle.swift */; };
		3585D6F1299A784C004E3E87 /* TrailingIconLabelStyle.swift in Sources */ = {isa = PBXBuildFile; fileRef = 3585D6F0299A784C004E3E87 /* TrailingIconLabelStyle.swift */; };
		3585D6F3299A80C4004E3E87 /* ScrumsView.swift in Sources */ = {isa = PBXBuildFile; fileRef = 3585D6F2299A80C4004E3E87 /* ScrumsView.swift */; };
		3585D6F5299A9B14004E3E87 /* DetailView.swift in Sources */ = {isa = PBXBuildFile; fileRef = 3585D6F4299A9B14004E3E87 /* DetailView.swift */; };
		3585D6F7299AB619004E3E87 /* DetailEditView.swift in Sources */ = {isa = PBXBuildFile; fileRef = 3585D6F6299AB619004E3E87 /* DetailEditView.swift */; };
		35C502A429999416003132B0 /* ScrumdingerApp.swift in Sources */ = {isa = PBXBuildFile; fileRef = 35C502A329999416003132B0 /* ScrumdingerApp.swift */; };
		35C502A629999416003132B0 /* MeetingView.swift in Sources */ = {isa = PBXBuildFile; fileRef = 35C502A529999416003132B0 /* MeetingView.swift */; };
		35C502A82999941A003132B0 /* Assets.xcassets in Resources */ = {isa = PBXBuildFile; fileRef = 35C502A72999941A003132B0 /* Assets.xcassets */; };
		35C502AB2999941A003132B0 /* Preview Assets.xcassets in Resources */ = {isa = PBXBuildFile; fileRef = 35C502AA2999941A003132B0 /* Preview Assets.xcassets */; };
/* End PBXBuildFile section */

/* Begin PBXFileReference section */
		3506E6DE299A666C006C663C /* Theme.swift */ = {isa = PBXFileReference; lastKnownFileType = sourcecode.swift; path = Theme.swift; sourceTree = "<group>"; };
		3506E6E0299A6A9F006C663C /* DailyScrum.swift */ = {isa = PBXFileReference; lastKnownFileType = sourcecode.swift; path = DailyScrum.swift; sourceTree = "<group>"; };
		3506E6E2299A6EDC006C663C /* CardView.swift */ = {isa = PBXFileReference; lastKnownFileType = sourcecode.swift; path = CardView.swift; sourceTree = "<group>"; };
		356020AE299E21B0008C8E66 /* ThemeView.swift */ = {isa = PBXFileReference; lastKnownFileType = sourcecode.swift; path = ThemeView.swift; sourceTree = "<group>"; };
		356020B0299E2741008C8E66 /* ThemePicker.swift */ = {isa = PBXFileReference; lastKnownFileType = sourcecode.swift; path = ThemePicker.swift; sourceTree = "<group>"; };
		356020B2299E679B008C8E66 /* MeetingHeaderView.swift */ = {isa = PBXFileReference; lastKnownFileType = sourcecode.swift; path = MeetingHeaderView.swift; sourceTree = "<group>"; };
		356020B4299E6FA7008C8E66 /* ScrumProgressViewStyle.swift */ = {isa = PBXFileReference; lastKnownFileType = sourcecode.swift; path = ScrumProgressViewStyle.swift; sourceTree = "<group>"; };
		3585D6F0299A784C004E3E87 /* TrailingIconLabelStyle.swift */ = {isa = PBXFileReference; lastKnownFileType = sourcecode.swift; path = TrailingIconLabelStyle.swift; sourceTree = "<group>"; };
		3585D6F2299A80C4004E3E87 /* ScrumsView.swift */ = {isa = PBXFileReference; lastKnownFileType = sourcecode.swift; path = ScrumsView.swift; sourceTree = "<group>"; };
		3585D6F4299A9B14004E3E87 /* DetailView.swift */ = {isa = PBXFileReference; lastKnownFileType = sourcecode.swift; path = DetailView.swift; sourceTree = "<group>"; };
		3585D6F6299AB619004E3E87 /* DetailEditView.swift */ = {isa = PBXFileReference; lastKnownFileType = sourcecode.swift; path = DetailEditView.swift; sourceTree = "<group>"; };
		35C502A029999416003132B0 /* Scrumdinger.app */ = {isa = PBXFileReference; explicitFileType = wrapper.application; includeInIndex = 0; path = Scrumdinger.app; sourceTree = BUILT_PRODUCTS_DIR; };
		35C502A329999416003132B0 /* ScrumdingerApp.swift */ = {isa = PBXFileReference; lastKnownFileType = sourcecode.swift; path = ScrumdingerApp.swift; sourceTree = "<group>"; };
		35C502A529999416003132B0 /* MeetingView.swift */ = {isa = PBXFileReference; lastKnownFileType = sourcecode.swift; path = MeetingView.swift; sourceTree = "<group>"; };
		35C502A72999941A003132B0 /* Assets.xcassets */ = {isa = PBXFileReference; lastKnownFileType = folder.assetcatalog; path = Assets.xcassets; sourceTree = "<group>"; };
		35C502AA2999941A003132B0 /* Preview Assets.xcassets */ = {isa = PBXFileReference; lastKnownFileType = folder.assetcatalog; path = "Preview Assets.xcassets"; sourceTree = "<group>"; };
/* End PBXFileReference section */

/* Begin PBXFrameworksBuildPhase section */
		35C5029D29999416003132B0 /* Frameworks */ = {
			isa = PBXFrameworksBuildPhase;
			buildActionMask = 2147483647;
			files = (
			);
			runOnlyForDeploymentPostprocessing = 0;
		};
/* End PBXFrameworksBuildPhase section */

/* Begin PBXGroup section */
		3506E6DC299A6501006C663C /* Models */ = {
			isa = PBXGroup;
			children = (
				3506E6DE299A666C006C663C /* Theme.swift */,
				3506E6E0299A6A9F006C663C /* DailyScrum.swift */,
			);
			path = Models;
			sourceTree = "<group>";
		};
		35C5029729999416003132B0 = {
			isa = PBXGroup;
			children = (
				35C502A229999416003132B0 /* Scrumdinger */,
				35C502A129999416003132B0 /* Products */,
			);
			sourceTree = "<group>";
		};
		35C502A129999416003132B0 /* Products */ = {
			isa = PBXGroup;
			children = (
				35C502A029999416003132B0 /* Scrumdinger.app */,
			);
			name = Products;
			sourceTree = "<group>";
		};
		35C502A229999416003132B0 /* Scrumdinger */ = {
			isa = PBXGroup;
			children = (
				3506E6DC299A6501006C663C /* Models */,
				35C502A329999416003132B0 /* ScrumdingerApp.swift */,
				3585D6F2299A80C4004E3E87 /* ScrumsView.swift */,
				3506E6E2299A6EDC006C663C /* CardView.swift */,
				3585D6F4299A9B14004E3E87 /* DetailView.swift */,
				35C502A529999416003132B0 /* MeetingView.swift */,
				356020B2299E679B008C8E66 /* MeetingHeaderView.swift */,
				3585D6F6299AB619004E3E87 /* DetailEditView.swift */,
				356020B0299E2741008C8E66 /* ThemePicker.swift */,
				356020AE299E21B0008C8E66 /* ThemeView.swift */,
				3585D6F0299A784C004E3E87 /* TrailingIconLabelStyle.swift */,
				356020B4299E6FA7008C8E66 /* ScrumProgressViewStyle.swift */,
				35C502A72999941A003132B0 /* Assets.xcassets */,
				35C502A92999941A003132B0 /* Preview Content */,
			);
			path = Scrumdinger;
			sourceTree = "<group>";
		};
		35C502A92999941A003132B0 /* Preview Content */ = {
			isa = PBXGroup;
			children = (
				35C502AA2999941A003132B0 /* Preview Assets.xcassets */,
			);
			path = "Preview Content";
			sourceTree = "<group>";
		};
/* End PBXGroup section */

/* Begin PBXNativeTarget section */
		35C5029F29999416003132B0 /* Scrumdinger */ = {
			isa = PBXNativeTarget;
			buildConfigurationList = 35C502AE2999941A003132B0 /* Build configuration list for PBXNativeTarget "Scrumdinger" */;
			buildPhases = (
				35C5029C29999416003132B0 /* Sources */,
				35C5029D29999416003132B0 /* Frameworks */,
				35C5029E29999416003132B0 /* Resources */,
			);
			buildRules = (
			);
			dependencies = (
			);
			name = Scrumdinger;
			productName = Scrumdinger;
			productReference = 35C502A029999416003132B0 /* Scrumdinger.app */;
			productType = "com.apple.product-type.application";
		};
/* End PBXNativeTarget section */

/* Begin PBXProject section */
		35C5029829999416003132B0 /* Project object */ = {
			isa = PBXProject;
			attributes = {
				BuildIndependentTargetsInParallel = 1;
				LastSwiftUpdateCheck = 1420;
				LastUpgradeCheck = 1420;
				TargetAttributes = {
					35C5029F29999416003132B0 = {
						CreatedOnToolsVersion = 14.2;
					};
				};
			};
			buildConfigurationList = 35C5029B29999416003132B0 /* Build configuration list for PBXProject "Scrumdinger" */;
			compatibilityVersion = "Xcode 14.0";
			developmentRegion = en;
			hasScannedForEncodings = 0;
			knownRegions = (
				en,
				Base,
			);
			mainGroup = 35C5029729999416003132B0;
			productRefGroup = 35C502A129999416003132B0 /* Products */;
			projectDirPath = "";
			projectRoot = "";
			targets = (
				35C5029F29999416003132B0 /* Scrumdinger */,
			);
		};
/* End PBXProject section */

/* Begin PBXResourcesBuildPhase section */
		35C5029E29999416003132B0 /* Resources */ = {
			isa = PBXResourcesBuildPhase;
			buildActionMask = 2147483647;
			files = (
				35C502AB2999941A003132B0 /* Preview Assets.xcassets in Resources */,
				35C502A82999941A003132B0 /* Assets.xcassets in Resources */,
			);
			runOnlyForDeploymentPostprocessing = 0;
		};
/* End PBXResourcesBuildPhase section */

/* Begin PBXSourcesBuildPhase section */
		35C5029C29999416003132B0 /* Sources */ = {
			isa = PBXSourcesBuildPhase;
			buildActionMask = 2147483647;
			files = (
				356020B1299E2741008C8E66 /* ThemePicker.swift in Sources */,
				356020B5299E6FA7008C8E66 /* ScrumProgressViewStyle.swift in Sources */,
				3506E6E1299A6A9F006C663C /* DailyScrum.swift in Sources */,
				3585D6F5299A9B14004E3E87 /* DetailView.swift in Sources */,
				356020B3299E679B008C8E66 /* MeetingHeaderView.swift in Sources */,
				3585D6F7299AB619004E3E87 /* DetailEditView.swift in Sources */,
				3585D6F1299A784C004E3E87 /* TrailingIconLabelStyle.swift in Sources */,
				3506E6DF299A666C006C663C /* Theme.swift in Sources */,
				3585D6F3299A80C4004E3E87 /* ScrumsView.swift in Sources */,
				35C502A629999416003132B0 /* MeetingView.swift in Sources */,
				35C502A429999416003132B0 /* ScrumdingerApp.swift in Sources */,
				356020AF299E21B0008C8E66 /* ThemeView.swift in Sources */,
				3506E6E3299A6EDC006C663C /* CardView.swift in Sources */,
			);
			runOnlyForDeploymentPostprocessing = 0;
		};
/* End PBXSourcesBuildPhase section */

/* Begin XCBuildConfiguration section */
		35C502AC2999941A003132B0 /* Debug */ = {
			isa = XCBuildConfiguration;
			buildSettings = {
				ALWAYS_SEARCH_USER_PATHS = NO;
				CLANG_ANALYZER_NONNULL = YES;
				CLANG_ANALYZER_NUMBER_OBJECT_CONVERSION = YES_AGGRESSIVE;
				CLANG_CXX_LANGUAGE_STANDARD = "gnu++20";
				CLANG_ENABLE_MODULES = YES;
				CLANG_ENABLE_OBJC_ARC = YES;
				CLANG_ENABLE_OBJC_WEAK = YES;
				CLANG_WARN_BLOCK_CAPTURE_AUTORELEASING = YES;
				CLANG_WARN_BOOL_CONVERSION = YES;
				CLANG_WARN_COMMA = YES;
				CLANG_WARN_CONSTANT_CONVERSION = YES;
				CLANG_WARN_DEPRECATED_OBJC_IMPLEMENTATIONS = YES;
				CLANG_WARN_DIRECT_OBJC_ISA_USAGE = YES_ERROR;
				CLANG_WARN_DOCUMENTATION_COMMENTS = YES;
				CLANG_WARN_EMPTY_BODY = YES;
				CLANG_WARN_ENUM_CONVERSION = YES;
				CLANG_WARN_INFINITE_RECURSION = YES;
				CLANG_WARN_INT_CONVERSION = YES;
				CLANG_WARN_NON_LITERAL_NULL_CONVERSION = YES;
				CLANG_WARN_OBJC_IMPLICIT_RETAIN_SELF = YES;
				CLANG_WARN_OBJC_LITERAL_CONVERSION = YES;
				CLANG_WARN_OBJC_ROOT_CLASS = YES_ERROR;
				CLANG_WARN_QUOTED_INCLUDE_IN_FRAMEWORK_HEADER = YES;
				CLANG_WARN_RANGE_LOOP_ANALYSIS = YES;
				CLANG_WARN_STRICT_PROTOTYPES = YES;
				CLANG_WARN_SUSPICIOUS_MOVE = YES;
				CLANG_WARN_UNGUARDED_AVAILABILITY = YES_AGGRESSIVE;
				CLANG_WARN_UNREACHABLE_CODE = YES;
				CLANG_WARN__DUPLICATE_METHOD_MATCH = YES;
				COPY_PHASE_STRIP = NO;
				DEBUG_INFORMATION_FORMAT = dwarf;
				ENABLE_STRICT_OBJC_MSGSEND = YES;
				ENABLE_TESTABILITY = YES;
				GCC_C_LANGUAGE_STANDARD = gnu11;
				GCC_DYNAMIC_NO_PIC = NO;
				GCC_NO_COMMON_BLOCKS = YES;
				GCC_OPTIMIZATION_LEVEL = 0;
				GCC_PREPROCESSOR_DEFINITIONS = (
					"DEBUG=1",
					"$(inherited)",
				);
				GCC_WARN_64_TO_32_BIT_CONVERSION = YES;
				GCC_WARN_ABOUT_RETURN_TYPE = YES_ERROR;
				GCC_WARN_UNDECLARED_SELECTOR = YES;
				GCC_WARN_UNINITIALIZED_AUTOS = YES_AGGRESSIVE;
				GCC_WARN_UNUSED_FUNCTION = YES;
				GCC_WARN_UNUSED_VARIABLE = YES;
				IPHONEOS_DEPLOYMENT_TARGET = 16.2;
				MTL_ENABLE_DEBUG_INFO = INCLUDE_SOURCE;
				MTL_FAST_MATH = YES;
				ONLY_ACTIVE_ARCH = YES;
				SDKROOT = iphoneos;
				SWIFT_ACTIVE_COMPILATION_CONDITIONS = DEBUG;
				SWIFT_OPTIMIZATION_LEVEL = "-Onone";
			};
			name = Debug;
		};
		35C502AD2999941A003132B0 /* Release */ = {
			isa = XCBuildConfiguration;
			buildSettings = {
				ALWAYS_SEARCH_USER_PATHS = NO;
				CLANG_ANALYZER_NONNULL = YES;
				CLANG_ANALYZER_NUMBER_OBJECT_CONVERSION = YES_AGGRESSIVE;
				CLANG_CXX_LANGUAGE_STANDARD = "gnu++20";
				CLANG_ENABLE_MODULES = YES;
				CLANG_ENABLE_OBJC_ARC = YES;
				CLANG_ENABLE_OBJC_WEAK = YES;
				CLANG_WARN_BLOCK_CAPTURE_AUTORELEASING = YES;
				CLANG_WARN_BOOL_CONVERSION = YES;
				CLANG_WARN_COMMA = YES;
				CLANG_WARN_CONSTANT_CONVERSION = YES;
				CLANG_WARN_DEPRECATED_OBJC_IMPLEMENTATIONS = YES;
				CLANG_WARN_DIRECT_OBJC_ISA_USAGE = YES_ERROR;
				CLANG_WARN_DOCUMENTATION_COMMENTS = YES;
				CLANG_WARN_EMPTY_BODY = YES;
				CLANG_WARN_ENUM_CONVERSION = YES;
				CLANG_WARN_INFINITE_RECURSION = YES;
				CLANG_WARN_INT_CONVERSION = YES;
				CLANG_WARN_NON_LITERAL_NULL_CONVERSION = YES;
				CLANG_WARN_OBJC_IMPLICIT_RETAIN_SELF = YES;
				CLANG_WARN_OBJC_LITERAL_CONVERSION = YES;
				CLANG_WARN_OBJC_ROOT_CLASS = YES_ERROR;
				CLANG_WARN_QUOTED_INCLUDE_IN_FRAMEWORK_HEADER = YES;
				CLANG_WARN_RANGE_LOOP_ANALYSIS = YES;
				CLANG_WARN_STRICT_PROTOTYPES = YES;
				CLANG_WARN_SUSPICIOUS_MOVE = YES;
				CLANG_WARN_UNGUARDED_AVAILABILITY = YES_AGGRESSIVE;
				CLANG_WARN_UNREACHABLE_CODE = YES;
				CLANG_WARN__DUPLICATE_METHOD_MATCH = YES;
				COPY_PHASE_STRIP = NO;
				DEBUG_INFORMATION_FORMAT = "dwarf-with-dsym";
				ENABLE_NS_ASSERTIONS = NO;
				ENABLE_STRICT_OBJC_MSGSEND = YES;
				GCC_C_LANGUAGE_STANDARD = gnu11;
				GCC_NO_COMMON_BLOCKS = YES;
				GCC_WARN_64_TO_32_BIT_CONVERSION = YES;
				GCC_WARN_ABOUT_RETURN_TYPE = YES_ERROR;
				GCC_WARN_UNDECLARED_SELECTOR = YES;
				GCC_WARN_UNINITIALIZED_AUTOS = YES_AGGRESSIVE;
				GCC_WARN_UNUSED_FUNCTION = YES;
				GCC_WARN_UNUSED_VARIABLE = YES;
				IPHONEOS_DEPLOYMENT_TARGET = 16.2;
				MTL_ENABLE_DEBUG_INFO = NO;
				MTL_FAST_MATH = YES;
				SDKROOT = iphoneos;
				SWIFT_COMPILATION_MODE = wholemodule;
				SWIFT_OPTIMIZATION_LEVEL = "-O";
				VALIDATE_PRODUCT = YES;
			};
			name = Release;
		};
		35C502AF2999941A003132B0 /* Debug */ = {
			isa = XCBuildConfiguration;
			buildSettings = {
				ASSETCATALOG_COMPILER_APPICON_NAME = AppIcon;
				ASSETCATALOG_COMPILER_GLOBAL_ACCENT_COLOR_NAME = AccentColor;
				CODE_SIGN_STYLE = Automatic;
				CURRENT_PROJECT_VERSION = 1;
				DEVELOPMENT_ASSET_PATHS = "\"Scrumdinger/Preview Content\"";
				DEVELOPMENT_TEAM = Q37PJY8G6K;
				ENABLE_PREVIEWS = YES;
				GENERATE_INFOPLIST_FILE = YES;
				INFOPLIST_KEY_UIApplicationSceneManifest_Generation = YES;
				INFOPLIST_KEY_UIApplicationSupportsIndirectInputEvents = YES;
				INFOPLIST_KEY_UILaunchScreen_Generation = YES;
				INFOPLIST_KEY_UISupportedInterfaceOrientations_iPad = "UIInterfaceOrientationPortrait UIInterfaceOrientationPortraitUpsideDown UIInterfaceOrientationLandscapeLeft UIInterfaceOrientationLandscapeRight";
				INFOPLIST_KEY_UISupportedInterfaceOrientations_iPhone = "UIInterfaceOrientationPortrait UIInterfaceOrientationLandscapeLeft UIInterfaceOrientationLandscapeRight";
				LD_RUNPATH_SEARCH_PATHS = (
					"$(inherited)",
					"@executable_path/Frameworks",
				);
				MARKETING_VERSION = 1.0;
				PRODUCT_BUNDLE_IDENTIFIER = zhadaev.Scrumdinger;
				PRODUCT_NAME = "$(TARGET_NAME)";
				SWIFT_EMIT_LOC_STRINGS = YES;
				SWIFT_VERSION = 5.0;
				TARGETED_DEVICE_FAMILY = "1,2";
			};
			name = Debug;
		};
		35C502B02999941A003132B0 /* Release */ = {
			isa = XCBuildConfiguration;
			buildSettings = {
				ASSETCATALOG_COMPILER_APPICON_NAME = AppIcon;
				ASSETCATALOG_COMPILER_GLOBAL_ACCENT_COLOR_NAME = AccentColor;
				CODE_SIGN_STYLE = Automatic;
				CURRENT_PROJECT_VERSION = 1;
				DEVELOPMENT_ASSET_PATHS = "\"Scrumdinger/Preview Content\"";
				DEVELOPMENT_TEAM = Q37PJY8G6K;
				ENABLE_PREVIEWS = YES;
				GENERATE_INFOPLIST_FILE = YES;
				INFOPLIST_KEY_UIApplicationSceneManifest_Generation = YES;
				INFOPLIST_KEY_UIApplicationSupportsIndirectInputEvents = YES;
				INFOPLIST_KEY_UILaunchScreen_Generation = YES;
				INFOPLIST_KEY_UISupportedInterfaceOrientations_iPad = "UIInterfaceOrientationPortrait UIInterfaceOrientationPortraitUpsideDown UIInterfaceOrientationLandscapeLeft UIInterfaceOrientationLandscapeRight";
				INFOPLIST_KEY_UISupportedInterfaceOrientations_iPhone = "UIInterfaceOrientationPortrait UIInterfaceOrientationLandscapeLeft UIInterfaceOrientationLandscapeRight";
				LD_RUNPATH_SEARCH_PATHS = (
					"$(inherited)",
					"@executable_path/Frameworks",
				);
				MARKETING_VERSION = 1.0;
				PRODUCT_BUNDLE_IDENTIFIER = zhadaev.Scrumdinger;
				PRODUCT_NAME = "$(TARGET_NAME)";
				SWIFT_EMIT_LOC_STRINGS = YES;
				SWIFT_VERSION = 5.0;
				TARGETED_DEVICE_FAMILY = "1,2";
			};
			name = Release;
		};
/* End XCBuildConfiguration section */

/* Begin XCConfigurationList section */
		35C5029B29999416003132B0 /* Build configuration list for PBXProject "Scrumdinger" */ = {
			isa = XCConfigurationList;
			buildConfigurations = (
				35C502AC2999941A003132B0 /* Debug */,
				35C502AD2999941A003132B0 /* Release */,
			);
			defaultConfigurationIsVisible = 0;
			defaultConfigurationName = Release;
		};
		35C502AE2999941A003132B0 /* Build configuration list for PBXNativeTarget "Scrumdinger" */ = {
			isa = XCConfigurationList;
			buildConfigurations = (
				35C502AF2999941A003132B0 /* Debug */,
				35C502B02999941A003132B0 /* Release */,
			);
			defaultConfigurationIsVisible = 0;
			defaultConfigurationName = Release;
		};
/* End XCConfigurationList section */
	};
	rootObject = 35C5029829999416003132B0 /* Project object */;
}
